{
  "name": "new1",
  "lockfileVersion": 3,
  "requires": true,
  "packages": {
    "": {
      "dependencies": {
        "@bull-board/ui": "^5.21.0",
        "fs-extra": "^11.2.0"
      }
    },
    "node_modules/@bull-board/api": {
      "version": "5.21.0",
      "resolved": "https://registry.npmjs.org/@bull-board/api/-/api-5.21.0.tgz",
      "integrity": "sha512-27tjptwgRgP1G5jT+POjiZZOP3LgdIM4XdfEWfa6t5E0CYImL4EjmdiFo5lhbHhYKZ842VhIpHuNcPk8nY3K9A==",
      "dependencies": {
        "redis-info": "^3.0.8"
      },
      "peerDependencies": {
        "@bull-board/ui": "5.21.0"
      }
    },
    "node_modules/@bull-board/ui": {
      "version": "5.21.0",
      "resolved": "https://registry.npmjs.org/@bull-board/ui/-/ui-5.21.0.tgz",
      "integrity": "sha512-eH8QQwIHgCXxNEmlg9EZr3fSvno/bdbgBGfSQO5s9c9n9eDEaKX46ambKSPvgFPtwSdiV1AYQEa/3fGSebVIxg==",
      "dependencies": {
        "@bull-board/api": "5.21.0"
      }
    },
    "node_modules/fs-extra": {
      "version": "11.2.0",
      "resolved": "https://registry.npmjs.org/fs-extra/-/fs-extra-11.2.0.tgz",
      "integrity": "sha512-PmDi3uwK5nFuXh7XDTlVnS17xJS7vW36is2+w3xcv8SVxiB4NyATf4ctkVY5bkSjX0Y4nbvZCq1/EjtEyr9ktw==",
      "dependencies": {
        "graceful-fs": "^4.2.0",
        "jsonfile": "^6.0.1",
        "universalify": "^2.0.0"
      },
      "engines": {
        "node": ">=14.14"
      }
    },
    "node_modules/graceful-fs": {
      "version": "4.2.11",
      "resolved": "https://registry.npmjs.org/graceful-fs/-/graceful-fs-4.2.11.tgz",
      "integrity": "sha512-RbJ5/jmFcNNCcDV5o9eTnBLJ/HszWV0P73bc+Ff4nS/rJj+YaS6IGyiOL0VoBYX+l1Wrl3k63h/KrH+nhJ0XvQ=="
    },
    "node_modules/jsonfile": {
      "version": "6.1.0",
      "resolved": "https://registry.npmjs.org/jsonfile/-/jsonfile-6.1.0.tgz",
      "integrity": "sha512-5dgndWOriYSm5cnYaJNhalLNDKOqFwyDB/rr1E9ZsGciGvKPs8R2xYGCacuf3z6K1YKDz182fd+fY3cn3pMqXQ==",
      "dependencies": {
        "universalify": "^2.0.0"
      },
      "optionalDependencies": {
        "graceful-fs": "^4.1.6"
      }
    },
    "node_modules/lodash": {
      "version": "4.17.21",
      "resolved": "https://registry.npmjs.org/lodash/-/lodash-4.17.21.tgz",
      "integrity": "sha512-v2kDEe57lecTulaDIuNTPy3Ry4gLGJ6Z1O3vE1krgXZNrsQ+LFTGHVxVjcXPs17LhbZVGedAJv8XZ1tvj5FvSg=="
    },
    "node_modules/redis-info": {
      "version": "3.1.0",
      "resolved": "https://registry.npmjs.org/redis-info/-/redis-info-3.1.0.tgz",
      "integrity": "sha512-ER4L9Sh/vm63DkIE0bkSjxluQlioBiBgf5w1UuldaW/3vPcecdljVDisZhmnCMvsxHNiARTTDDHGg9cGwTfrKg==",
      "dependencies": {
        "lodash": "^4.17.11"
      }
    },
    "node_modules/universalify": {
      "version": "2.0.1",
      "resolved": "https://registry.npmjs.org/universalify/-/universalify-2.0.1.tgz",
      "integrity": "sha512-gptHNQghINnc/vTGIk0SOFGFNXw7JVrlRUtConJRlvaw6DuX0wO5Jeko9sWrMBhh+PsYAZ7oXAiOnf/UKogyiw==",
      "engines": {
        "node": ">= 10.0.0"
      }
    }
  }
}
